// !$*UTF8*$!
{
	archiveVersion = 1;
	classes = {
	};
	objectVersion = 77;
	objects = {

/* Begin PBXBuildFile section */
		03C392A927037DB8E056A0FD /* EncoderCapabilities.swift in Sources */ = {isa = PBXBuildFile; fileRef = A284265C1FCFDD270A9FE5DF /* EncoderCapabilities.swift */; };
		0833A37D66B17440D43822C3 /* AppNavigation.swift in Sources */ = {isa = PBXBuildFile; fileRef = 65286F00477023AC73A1D3B6 /* AppNavigation.swift */; };
		0C8B8BD4329341ACAC76547C /* ImagePetCore.framework in Frameworks */ = {isa = PBXBuildFile; fileRef = CC07DB095E2131274F3BBDAA /* ImagePetCore.framework */; };
		0E464296C36D0355ABEA5DF7 /* ImagePetApp.swift in Sources */ = {isa = PBXBuildFile; fileRef = F0A4EACDDC9C17F5FDB0FAC9 /* ImagePetApp.swift */; };
		14F9D3688D821923A8F75165 /* KeyboardShortcuts in Frameworks */ = {isa = PBXBuildFile; productRef = 769C51B2F554CCD738A26D89 /* KeyboardShortcuts */; };
		1C5E346C8DCC4094FE8C6689 /* ImagePetCore.framework in Embed Frameworks */ = {isa = PBXBuildFile; fileRef = CC07DB095E2131274F3BBDAA /* ImagePetCore.framework */; settings = {ATTRIBUTES = (CodeSignOnCopy, RemoveHeadersOnCopy, ); }; };
		1D7D38437A6F81FBD3BD3300 /* LocalNotificationManager.swift in Sources */ = {isa = PBXBuildFile; fileRef = 4193FE83DCD3C342B858EE45 /* LocalNotificationManager.swift */; };
		20A5D16C2BAB1FB997F4ED62 /* SupportedImageFormat.swift in Sources */ = {isa = PBXBuildFile; fileRef = B23D899C8F00DE09B979F8F9 /* SupportedImageFormat.swift */; };
		20C1CC3A21BA81F6F38999B1 /* BuiltInPetTheme.swift in Sources */ = {isa = PBXBuildFile; fileRef = A30830DF6500A0BD123B277B /* BuiltInPetTheme.swift */; };
		27FBA62E43AB93400B11D87E /* AppleWebPEncodingEngine.swift in Sources */ = {isa = PBXBuildFile; fileRef = 065B0EA400C85876918262F7 /* AppleWebPEncodingEngine.swift */; };
		2BDCAAEB14319197828116A8 /* FolderMonitor.swift in Sources */ = {isa = PBXBuildFile; fileRef = F6B768CED9CE7C2047CF0495 /* FolderMonitor.swift */; };
		32A57C46BE11190CEBB47EE6 /* HelpView.swift in Sources */ = {isa = PBXBuildFile; fileRef = 83FD78B2591A703F59ECE6F7 /* HelpView.swift */; };
		39D8473A58EBDD037557FD17 /* MozJPEGEncodingEngine.swift in Sources */ = {isa = PBXBuildFile; fileRef = CFF8AF7B27658DBE4D17CEDC /* MozJPEGEncodingEngine.swift */; };
		468ABFAA6A7B08517772B948 /* Resources in Resources */ = {isa = PBXBuildFile; fileRef = 6F8F586A1135EAED6910EB32 /* Resources */; };
		468BDB0185A3FB1706EBCCD3 /* AppSettingsView.swift in Sources */ = {isa = PBXBuildFile; fileRef = 59D6D9C6C992578DE4DC36E4 /* AppSettingsView.swift */; };
		48AD2E4E5F0363A4C12FE75B /* SoundManager.swift in Sources */ = {isa = PBXBuildFile; fileRef = 2AECB6DEE9038FD3CECDFBD3 /* SoundManager.swift */; };
		4A7AA8FEB5D3A491903A1F11 /* SwiftWebP in Frameworks */ = {isa = PBXBuildFile; productRef = FA759D004CB7295A0923E038 /* SwiftWebP */; };
		52773B56345C42FA506C3AD6 /* ImagePetUITests.swift in Sources */ = {isa = PBXBuildFile; fileRef = EE5368111CDDC59E6968A763 /* ImagePetUITests.swift */; };
		53882A231CD77781C8F98CB9 /* ImagePetCore.framework in Frameworks */ = {isa = PBXBuildFile; fileRef = CC07DB095E2131274F3BBDAA /* ImagePetCore.framework */; };
		55A6897AAB3BBDE1BC4F7094 /* CompressionPreset.swift in Sources */ = {isa = PBXBuildFile; fileRef = 92A0E344263EE215722E53D3 /* CompressionPreset.swift */; };
		578AEEC958D8E5B6FA98D21C /* mozjpeg in Frameworks */ = {isa = PBXBuildFile; productRef = 6C570CEF6D94E6B62E4ACD10 /* mozjpeg */; };
		60E30EA5590352744B7ED864 /* ImageCompressor.swift in Sources */ = {isa = PBXBuildFile; fileRef = F23678BFAD16795886D53796 /* ImageCompressor.swift */; };
		639B8A8E4B062FBA59EC5B0B /* LocalNotificationManagerTests.swift in Sources */ = {isa = PBXBuildFile; fileRef = 61BE824B3D33F8BD491B121B /* LocalNotificationManagerTests.swift */; };
		63F9DEED2087EFB6448C2257 /* SoundManager.swift in Sources */ = {isa = PBXBuildFile; fileRef = 37C451AC6AE440D62C0D0FDE /* SoundManager.swift */; };
		6B324BBFA0E653F3DA6EA87D /* SwiftWebPEngine.swift in Sources */ = {isa = PBXBuildFile; fileRef = 358A8E829CFFE85676AC8B9E /* SwiftWebPEngine.swift */; };
		6B5F0F8C4B4B8BB4E3FF08A6 /* ImageJob.swift in Sources */ = {isa = PBXBuildFile; fileRef = D6E9A10CEBCF1D610F452175 /* ImageJob.swift */; };
		6E1D8DF5CF4B366725F9F100 /* CompressionBatchSummary.swift in Sources */ = {isa = PBXBuildFile; fileRef = 28B7E1B8A4827313A572EA88 /* CompressionBatchSummary.swift */; };
		762AFE210909358E8AEAC379 /* OutputFolderPanel.swift in Sources */ = {isa = PBXBuildFile; fileRef = B5D23F4F1A21E8F4FC4C0E5D /* OutputFolderPanel.swift */; };
		77CC910A278D3499DD2CA0E2 /* ContentView.swift in Sources */ = {isa = PBXBuildFile; fileRef = 60F9729CED642EBCF472BAC1 /* ContentView.swift */; };
		84DF67E7F26FB52ADF4008D2 /* OutputNameAllocator.swift in Sources */ = {isa = PBXBuildFile; fileRef = 45EDC42C0537186A983DB825 /* OutputNameAllocator.swift */; };
		85964FC9A85A3838F50BD640 /* ArgumentParser in Frameworks */ = {isa = PBXBuildFile; productRef = F6B0246EDBD395211A9A2FCF /* ArgumentParser */; };
		897CF058BBC73FBD1848DAB6 /* FolderWatchManager.swift in Sources */ = {isa = PBXBuildFile; fileRef = AD4485EE348B2FF15115C4B1 /* FolderWatchManager.swift */; };
		8B0AE1F2462AE4500A1820DC /* FileSizeFormatting.swift in Sources */ = {isa = PBXBuildFile; fileRef = 3BFB80BB6D7CAAA89B8922DE /* FileSizeFormatting.swift */; };
		8CDC2C5108A1492273CCE9C3 /* ThumbnailGenerator.swift in Sources */ = {isa = PBXBuildFile; fileRef = 4DBDAD2E7B5450460DC73586 /* ThumbnailGenerator.swift */; };
		9042C491DAF21E625E08A75A /* TaskCancellationAndThumbnailTests.swift in Sources */ = {isa = PBXBuildFile; fileRef = 088D18251705E0CE2C8959AB /* TaskCancellationAndThumbnailTests.swift */; };
		945441063EAA477DEC0D9363 /* CompressionError.swift in Sources */ = {isa = PBXBuildFile; fileRef = 463A9B12B098CEDA557F6100 /* CompressionError.swift */; };
		98263452B4D6B87F8124F1C9 /* CompressionOptions.swift in Sources */ = {isa = PBXBuildFile; fileRef = 42EA1F52BCC2EADB3678E8CC /* CompressionOptions.swift */; };
		98E3A9EE00DCE60CAC8E9226 /* FolderWatchingSection.swift in Sources */ = {isa = PBXBuildFile; fileRef = D63122AAD9F56829BED8AD2B /* FolderWatchingSection.swift */; };
		9BD9669BB632736925B748F2 /* ShortcutsIntent.swift in Sources */ = {isa = PBXBuildFile; fileRef = AEDE7C87B4DA93B9D2470D4B /* ShortcutsIntent.swift */; };
		9D953C4053E329B3478CEB34 /* FrameAnimator.swift in Sources */ = {isa = PBXBuildFile; fileRef = 426BA951424DECEFB023D3A9 /* FrameAnimator.swift */; };
		9E3987C9586C4E31283B8972 /* DesktopPetSizeTier.swift in Sources */ = {isa = PBXBuildFile; fileRef = F4EDFFC2FA9A79727877301E /* DesktopPetSizeTier.swift */; };
		A398F56170D6E35B9EA6B3BB /* GlobalShortcutCoordinator.swift in Sources */ = {isa = PBXBuildFile; fileRef = 4694488B654E7D1FED3A6E8E /* GlobalShortcutCoordinator.swift */; };
		A7B37423809D305446A9183B /* main.swift in Sources */ = {isa = PBXBuildFile; fileRef = 18CF65F5E10809D82C7FDDF5 /* main.swift */; };
		B4F6FCE78F7F45C64B5B29F5 /* InputFilePanel.swift in Sources */ = {isa = PBXBuildFile; fileRef = 238810C4DF3FE71683DC9479 /* InputFilePanel.swift */; };
		B8EC5E1F78868A070F898F73 /* CompressionResult.swift in Sources */ = {isa = PBXBuildFile; fileRef = AD1510894ED17C31329941EA /* CompressionResult.swift */; };
		B9291BBC674E159A9CD2D1A1 /* SoftNativeStyle.swift in Sources */ = {isa = PBXBuildFile; fileRef = D5602D33964FF3E3B78C6D87 /* SoftNativeStyle.swift */; };
		B9CAC9DBC573955EBDA5A0CA /* ImagePetCore.framework in Embed Frameworks */ = {isa = PBXBuildFile; fileRef = CC07DB095E2131274F3BBDAA /* ImagePetCore.framework */; settings = {ATTRIBUTES = (CodeSignOnCopy, RemoveHeadersOnCopy, ); }; };
		BED18C74D4E3FAC6C1736678 /* DesktopPetPresenter.swift in Sources */ = {isa = PBXBuildFile; fileRef = 1D9191053620D5B490484B6B /* DesktopPetPresenter.swift */; };
		C317480A514502ED823DA1DB /* SoundManagerTests.swift in Sources */ = {isa = PBXBuildFile; fileRef = 9A42BE317AC2E3CFE48ACFE7 /* SoundManagerTests.swift */; };
		C8E26175B487C190A0025EE1 /* ImagePetStore.swift in Sources */ = {isa = PBXBuildFile; fileRef = 4C53A9B8C3C3EE992F654DA2 /* ImagePetStore.swift */; };
		CC16336E040E24B06F06D654 /* PetAnimation.swift in Sources */ = {isa = PBXBuildFile; fileRef = 7A93444765F4DF14ABA2386D /* PetAnimation.swift */; };
		CD91D779AA53B0993ABD2E52 /* ThumbnailSize.swift in Sources */ = {isa = PBXBuildFile; fileRef = 5F83FD50652D4986A61C960E /* ThumbnailSize.swift */; };
		D839C0794DE23A7E13724CE1 /* OutputDirectoryBookmarkStore.swift in Sources */ = {isa = PBXBuildFile; fileRef = 58C51CB2ABE4CF5EB8A34389 /* OutputDirectoryBookmarkStore.swift */; };
		D897C66374EBF025AB7AA522 /* BuiltInPetThemeAssetTests.swift in Sources */ = {isa = PBXBuildFile; fileRef = A4CF84A3CFE6A59AF5DC25D2 /* BuiltInPetThemeAssetTests.swift */; };
		D9E41B6F23F5D167FC009FD6 /* CompressionBatchSummary.swift in Sources */ = {isa = PBXBuildFile; fileRef = D62D2DCA7CE90024BFB059F7 /* CompressionBatchSummary.swift */; };
		D9E9FED5C374031DCC00E343 /* FileSizeFormatting.swift in Sources */ = {isa = PBXBuildFile; fileRef = 029178F82948933AB5279570 /* FileSizeFormatting.swift */; };
		E6BD71247B9D2017B1A52CB9 /* LocalNotificationManager.swift in Sources */ = {isa = PBXBuildFile; fileRef = 05A775F6539AF723DFC8D3D1 /* LocalNotificationManager.swift */; };
		E7E5AB4442E1198A58898A5A /* ThemeCache.swift in Sources */ = {isa = PBXBuildFile; fileRef = 17074DAB0E7D992BBEDFEF28 /* ThemeCache.swift */; };
		EDA254AC8E096DC665C92353 /* DesktopPetWindowController.swift in Sources */ = {isa = PBXBuildFile; fileRef = 41C9C2454F8AEDC0086B9A67 /* DesktopPetWindowController.swift */; };
		EE328D8FBFBD56372D470CEC /* DesktopPetView.swift in Sources */ = {isa = PBXBuildFile; fileRef = 2845AD061C173BB07CE9F82B /* DesktopPetView.swift */; };
		F0A37C2C267FEF35E0DCAE5B /* DesktopPetSnapshot.swift in Sources */ = {isa = PBXBuildFile; fileRef = 5AEAA8EA4335FD47CFC64340 /* DesktopPetSnapshot.swift */; };
		F4D39B0292E06F377A1CCEC3 /* AppIcon.icon in Resources */ = {isa = PBXBuildFile; fileRef = F9DB3FDC08DCD868FFCA55A6 /* AppIcon.icon */; };
		F56B3D51EAA44A889540865E /* ImagePetCore.framework in Frameworks */ = {isa = PBXBuildFile; fileRef = CC07DB095E2131274F3BBDAA /* ImagePetCore.framework */; };
/* End PBXBuildFile section */

/* Begin PBXContainerItemProxy section */
		039876C6861A906C5E814A6A /* PBXContainerItemProxy */ = {
			isa = PBXContainerItemProxy;
			containerPortal = 2F45178F0BC925D3EDD35424 /* Project object */;
			proxyType = 1;
			remoteGlobalIDString = C549986B87E6D639535F456A;
			remoteInfo = ImagePetCore;
		};
		6407B344D39E1E88C2E464C7 /* PBXContainerItemProxy */ = {
			isa = PBXContainerItemProxy;
			containerPortal = 2F45178F0BC925D3EDD35424 /* Project object */;
			proxyType = 1;
			remoteGlobalIDString = C549986B87E6D639535F456A;
			remoteInfo = ImagePetCore;
		};
		6F4659B9874AE30D01A960BB /* PBXContainerItemProxy */ = {
			isa = PBXContainerItemProxy;
			containerPortal = 2F45178F0BC925D3EDD35424 /* Project object */;
			proxyType = 1;
			remoteGlobalIDString = C549986B87E6D639535F456A;
			remoteInfo = ImagePetCore;
		};
		D5751BD8A42DB7D3629F555A /* PBXContainerItemProxy */ = {
			isa = PBXContainerItemProxy;
			containerPortal = 2F45178F0BC925D3EDD35424 /* Project object */;
			proxyType = 1;
			remoteGlobalIDString = B0695F4D36DAB05D3A1E9A69;
			remoteInfo = ImagePet;
		};
		F2FFEF5BBE17204B6AFEA5A7 /* PBXContainerItemProxy */ = {
			isa = PBXContainerItemProxy;
			containerPortal = 2F45178F0BC925D3EDD35424 /* Project object */;
			proxyType = 1;
			remoteGlobalIDString = B0695F4D36DAB05D3A1E9A69;
			remoteInfo = ImagePet;
		};
/* End PBXContainerItemProxy section */

/* Begin PBXCopyFilesBuildPhase section */
		3FF18C4E5664CA34B13E2599 /* Embed Frameworks */ = {
			isa = PBXCopyFilesBuildPhase;
			buildActionMask = 2147483647;
			dstPath = "";
			dstSubfolderSpec = 10;
			files = (
				B9CAC9DBC573955EBDA5A0CA /* ImagePetCore.framework in Embed Frameworks */,
			);
			name = "Embed Frameworks";
			runOnlyForDeploymentPostprocessing = 0;
		};
		C40BFC2F11DB6F6E959E3CA6 /* Embed Frameworks */ = {
			isa = PBXCopyFilesBuildPhase;
			buildActionMask = 2147483647;
			dstPath = "";
			dstSubfolderSpec = 10;
			files = (
				1C5E346C8DCC4094FE8C6689 /* ImagePetCore.framework in Embed Frameworks */,
			);
			name = "Embed Frameworks";
			runOnlyForDeploymentPostprocessing = 0;
		};
/* End PBXCopyFilesBuildPhase section */

/* Begin PBXFileReference section */
		029178F82948933AB5279570 /* FileSizeFormatting.swift */ = {isa = PBXFileReference; lastKnownFileType = sourcecode.swift; path = FileSizeFormatting.swift; sourceTree = "<group>"; };
		05A775F6539AF723DFC8D3D1 /* LocalNotificationManager.swift */ = {isa = PBXFileReference; lastKnownFileType = sourcecode.swift; path = LocalNotificationManager.swift; sourceTree = "<group>"; };
		065B0EA400C85876918262F7 /* AppleWebPEncodingEngine.swift */ = {isa = PBXFileReference; lastKnownFileType = sourcecode.swift; path = AppleWebPEncodingEngine.swift; sourceTree = "<group>"; };
		088D18251705E0CE2C8959AB /* TaskCancellationAndThumbnailTests.swift */ = {isa = PBXFileReference; lastKnownFileType = sourcecode.swift; path = TaskCancellationAndThumbnailTests.swift; sourceTree = "<group>"; };
		1051C6BE4E181089F9924A7E /* ImagePetUITests.xctest */ = {isa = PBXFileReference; explicitFileType = wrapper.cfbundle; includeInIndex = 0; path = ImagePetUITests.xctest; sourceTree = BUILT_PRODUCTS_DIR; };
		17074DAB0E7D992BBEDFEF28 /* ThemeCache.swift */ = {isa = PBXFileReference; lastKnownFileType = sourcecode.swift; path = ThemeCache.swift; sourceTree = "<group>"; };
		18CF65F5E10809D82C7FDDF5 /* main.swift */ = {isa = PBXFileReference; lastKnownFileType = sourcecode.swift; path = main.swift; sourceTree = "<group>"; };
		1D9191053620D5B490484B6B /* DesktopPetPresenter.swift */ = {isa = PBXFileReference; lastKnownFileType = sourcecode.swift; path = DesktopPetPresenter.swift; sourceTree = "<group>"; };
		238810C4DF3FE71683DC9479 /* InputFilePanel.swift */ = {isa = PBXFileReference; lastKnownFileType = sourcecode.swift; path = InputFilePanel.swift; sourceTree = "<group>"; };
		2845AD061C173BB07CE9F82B /* DesktopPetView.swift */ = {isa = PBXFileReference; lastKnownFileType = sourcecode.swift; path = DesktopPetView.swift; sourceTree = "<group>"; };
		28B7E1B8A4827313A572EA88 /* CompressionBatchSummary.swift */ = {isa = PBXFileReference; lastKnownFileType = sourcecode.swift; path = CompressionBatchSummary.swift; sourceTree = "<group>"; };
		2AECB6DEE9038FD3CECDFBD3 /* SoundManager.swift */ = {isa = PBXFileReference; lastKnownFileType = sourcecode.swift; path = SoundManager.swift; sourceTree = "<group>"; };
		2B48DF5E09E5C0639460FB28 /* ImagePet.app */ = {isa = PBXFileReference; explicitFileType = wrapper.application; includeInIndex = 0; path = ImagePet.app; sourceTree = BUILT_PRODUCTS_DIR; };
		358A8E829CFFE85676AC8B9E /* SwiftWebPEngine.swift */ = {isa = PBXFileReference; lastKnownFileType = sourcecode.swift; path = SwiftWebPEngine.swift; sourceTree = "<group>"; };
		37C451AC6AE440D62C0D0FDE /* SoundManager.swift */ = {isa = PBXFileReference; lastKnownFileType = sourcecode.swift; path = SoundManager.swift; sourceTree = "<group>"; };
		3BFB80BB6D7CAAA89B8922DE /* FileSizeFormatting.swift */ = {isa = PBXFileReference; lastKnownFileType = sourcecode.swift; path = FileSizeFormatting.swift; sourceTree = "<group>"; };
		4193FE83DCD3C342B858EE45 /* LocalNotificationManager.swift */ = {isa = PBXFileReference; lastKnownFileType = sourcecode.swift; path = LocalNotificationManager.swift; sourceTree = "<group>"; };
		41C9C2454F8AEDC0086B9A67 /* DesktopPetWindowController.swift */ = {isa = PBXFileReference; lastKnownFileType = sourcecode.swift; path = DesktopPetWindowController.swift; sourceTree = "<group>"; };
		426BA951424DECEFB023D3A9 /* FrameAnimator.swift */ = {isa = PBXFileReference; lastKnownFileType = sourcecode.swift; path = FrameAnimator.swift; sourceTree = "<group>"; };
		42EA1F52BCC2EADB3678E8CC /* CompressionOptions.swift */ = {isa = PBXFileReference; lastKnownFileType = sourcecode.swift; path = CompressionOptions.swift; sourceTree = "<group>"; };
		45EDC42C0537186A983DB825 /* OutputNameAllocator.swift */ = {isa = PBXFileReference; lastKnownFileType = sourcecode.swift; path = OutputNameAllocator.swift; sourceTree = "<group>"; };
		463A9B12B098CEDA557F6100 /* CompressionError.swift */ = {isa = PBXFileReference; lastKnownFileType = sourcecode.swift; path = CompressionError.swift; sourceTree = "<group>"; };
		4694488B654E7D1FED3A6E8E /* GlobalShortcutCoordinator.swift */ = {isa = PBXFileReference; lastKnownFileType = sourcecode.swift; path = GlobalShortcutCoordinator.swift; sourceTree = "<group>"; };
		4C53A9B8C3C3EE992F654DA2 /* ImagePetStore.swift */ = {isa = PBXFileReference; lastKnownFileType = sourcecode.swift; path = ImagePetStore.swift; sourceTree = "<group>"; };
		4DBDAD2E7B5450460DC73586 /* ThumbnailGenerator.swift */ = {isa = PBXFileReference; lastKnownFileType = sourcecode.swift; path = ThumbnailGenerator.swift; sourceTree = "<group>"; };
		58C51CB2ABE4CF5EB8A34389 /* OutputDirectoryBookmarkStore.swift */ = {isa = PBXFileReference; lastKnownFileType = sourcecode.swift; path = OutputDirectoryBookmarkStore.swift; sourceTree = "<group>"; };
		59D6D9C6C992578DE4DC36E4 /* AppSettingsView.swift */ = {isa = PBXFileReference; lastKnownFileType = sourcecode.swift; path = AppSettingsView.swift; sourceTree = "<group>"; };
		5AEAA8EA4335FD47CFC64340 /* DesktopPetSnapshot.swift */ = {isa = PBXFileReference; lastKnownFileType = sourcecode.swift; path = DesktopPetSnapshot.swift; sourceTree = "<group>"; };
		5F83FD50652D4986A61C960E /* ThumbnailSize.swift */ = {isa = PBXFileReference; lastKnownFileType = sourcecode.swift; path = ThumbnailSize.swift; sourceTree = "<group>"; };
		60F9729CED642EBCF472BAC1 /* ContentView.swift */ = {isa = PBXFileReference; lastKnownFileType = sourcecode.swift; path = ContentView.swift; sourceTree = "<group>"; };
		61BE824B3D33F8BD491B121B /* LocalNotificationManagerTests.swift */ = {isa = PBXFileReference; lastKnownFileType = sourcecode.swift; path = LocalNotificationManagerTests.swift; sourceTree = "<group>"; };
		65286F00477023AC73A1D3B6 /* AppNavigation.swift */ = {isa = PBXFileReference; lastKnownFileType = sourcecode.swift; path = AppNavigation.swift; sourceTree = "<group>"; };
		6F8F586A1135EAED6910EB32 /* Resources */ = {isa = PBXFileReference; lastKnownFileType = folder; name = Resources; path = Sources/ImagePet/Resources; sourceTree = SOURCE_ROOT; };
		7A93444765F4DF14ABA2386D /* PetAnimation.swift */ = {isa = PBXFileReference; lastKnownFileType = sourcecode.swift; path = PetAnimation.swift; sourceTree = "<group>"; };
		80CD202A0398235BDC6020B8 /* ImagePetCLI */ = {isa = PBXFileReference; includeInIndex = 0; path = ImagePetCLI; sourceTree = BUILT_PRODUCTS_DIR; };
		83FD78B2591A703F59ECE6F7 /* HelpView.swift */ = {isa = PBXFileReference; lastKnownFileType = sourcecode.swift; path = HelpView.swift; sourceTree = "<group>"; };
		92A0E344263EE215722E53D3 /* CompressionPreset.swift */ = {isa = PBXFileReference; lastKnownFileType = sourcecode.swift; path = CompressionPreset.swift; sourceTree = "<group>"; };
		9A42BE317AC2E3CFE48ACFE7 /* SoundManagerTests.swift */ = {isa = PBXFileReference; lastKnownFileType = sourcecode.swift; path = SoundManagerTests.swift; sourceTree = "<group>"; };
		A284265C1FCFDD270A9FE5DF /* EncoderCapabilities.swift */ = {isa = PBXFileReference; lastKnownFileType = sourcecode.swift; path = EncoderCapabilities.swift; sourceTree = "<group>"; };
		A30830DF6500A0BD123B277B /* BuiltInPetTheme.swift */ = {isa = PBXFileReference; lastKnownFileType = sourcecode.swift; path = BuiltInPetTheme.swift; sourceTree = "<group>"; };
		A4CF84A3CFE6A59AF5DC25D2 /* BuiltInPetThemeAssetTests.swift */ = {isa = PBXFileReference; lastKnownFileType = sourcecode.swift; path = BuiltInPetThemeAssetTests.swift; sourceTree = "<group>"; };
		AD1510894ED17C31329941EA /* CompressionResult.swift */ = {isa = PBXFileReference; lastKnownFileType = sourcecode.swift; path = CompressionResult.swift; sourceTree = "<group>"; };
		AD4485EE348B2FF15115C4B1 /* FolderWatchManager.swift */ = {isa = PBXFileReference; lastKnownFileType = sourcecode.swift; path = FolderWatchManager.swift; sourceTree = "<group>"; };
		AEDE7C87B4DA93B9D2470D4B /* ShortcutsIntent.swift */ = {isa = PBXFileReference; lastKnownFileType = sourcecode.swift; path = ShortcutsIntent.swift; sourceTree = "<group>"; };
		B23D899C8F00DE09B979F8F9 /* SupportedImageFormat.swift */ = {isa = PBXFileReference; lastKnownFileType = sourcecode.swift; path = SupportedImageFormat.swift; sourceTree = "<group>"; };
		B5D23F4F1A21E8F4FC4C0E5D /* OutputFolderPanel.swift */ = {isa = PBXFileReference; lastKnownFileType = sourcecode.swift; path = OutputFolderPanel.swift; sourceTree = "<group>"; };
		CC07DB095E2131274F3BBDAA /* ImagePetCore.framework */ = {isa = PBXFileReference; explicitFileType = wrapper.framework; includeInIndex = 0; path = ImagePetCore.framework; sourceTree = BUILT_PRODUCTS_DIR; };
		CFF8AF7B27658DBE4D17CEDC /* MozJPEGEncodingEngine.swift */ = {isa = PBXFileReference; lastKnownFileType = sourcecode.swift; path = MozJPEGEncodingEngine.swift; sourceTree = "<group>"; };
		D5602D33964FF3E3B78C6D87 /* SoftNativeStyle.swift */ = {isa = PBXFileReference; lastKnownFileType = sourcecode.swift; path = SoftNativeStyle.swift; sourceTree = "<group>"; };
		D62D2DCA7CE90024BFB059F7 /* CompressionBatchSummary.swift */ = {isa = PBXFileReference; lastKnownFileType = sourcecode.swift; path = CompressionBatchSummary.swift; sourceTree = "<group>"; };
		D63122AAD9F56829BED8AD2B /* FolderWatchingSection.swift */ = {isa = PBXFileReference; lastKnownFileType = sourcecode.swift; path = FolderWatchingSection.swift; sourceTree = "<group>"; };
		D6E9A10CEBCF1D610F452175 /* ImageJob.swift */ = {isa = PBXFileReference; lastKnownFileType = sourcecode.swift; path = ImageJob.swift; sourceTree = "<group>"; };
		ED2484081B356D0CD0BAE4CD /* ImagePetTests.xctest */ = {isa = PBXFileReference; explicitFileType = wrapper.cfbundle; includeInIndex = 0; path = ImagePetTests.xctest; sourceTree = BUILT_PRODUCTS_DIR; };
		EE5368111CDDC59E6968A763 /* ImagePetUITests.swift */ = {isa = PBXFileReference; lastKnownFileType = sourcecode.swift; path = ImagePetUITests.swift; sourceTree = "<group>"; };
		F0A4EACDDC9C17F5FDB0FAC9 /* ImagePetApp.swift */ = {isa = PBXFileReference; lastKnownFileType = sourcecode.swift; path = ImagePetApp.swift; sourceTree = "<group>"; };
		F23678BFAD16795886D53796 /* ImageCompressor.swift */ = {isa = PBXFileReference; lastKnownFileType = sourcecode.swift; path = ImageCompressor.swift; sourceTree = "<group>"; };
		F4EDFFC2FA9A79727877301E /* DesktopPetSizeTier.swift */ = {isa = PBXFileReference; lastKnownFileType = sourcecode.swift; path = DesktopPetSizeTier.swift; sourceTree = "<group>"; };
		F6B768CED9CE7C2047CF0495 /* FolderMonitor.swift */ = {isa = PBXFileReference; lastKnownFileType = sourcecode.swift; path = FolderMonitor.swift; sourceTree = "<group>"; };
		F9DB3FDC08DCD868FFCA55A6 /* AppIcon.icon */ = {isa = PBXFileReference; lastKnownFileType = wrapper.icon; path = AppIcon.icon; sourceTree = "<group>"; };
/* End PBXFileReference section */

/* Begin PBXFrameworksBuildPhase section */
		03BA756178C70E4432497831 /* Frameworks */ = {
			isa = PBXFrameworksBuildPhase;
			buildActionMask = 2147483647;
			files = (
				4A7AA8FEB5D3A491903A1F11 /* SwiftWebP in Frameworks */,
				578AEEC958D8E5B6FA98D21C /* mozjpeg in Frameworks */,
			);
			runOnlyForDeploymentPostprocessing = 0;
		};
		2AD58D0CC39E93776CE0617E /* Frameworks */ = {
			isa = PBXFrameworksBuildPhase;
			buildActionMask = 2147483647;
			files = (
				F56B3D51EAA44A889540865E /* ImagePetCore.framework in Frameworks */,
				14F9D3688D821923A8F75165 /* KeyboardShortcuts in Frameworks */,
			);
			runOnlyForDeploymentPostprocessing = 0;
		};
		B40F2BCD3716E569D8778D58 /* Frameworks */ = {
			isa = PBXFrameworksBuildPhase;
			buildActionMask = 2147483647;
			files = (
				53882A231CD77781C8F98CB9 /* ImagePetCore.framework in Frameworks */,
			);
			runOnlyForDeploymentPostprocessing = 0;
		};
		E9DB23F51A3D673A56541342 /* Frameworks */ = {
			isa = PBXFrameworksBuildPhase;
			buildActionMask = 2147483647;
			files = (
				0C8B8BD4329341ACAC76547C /* ImagePetCore.framework in Frameworks */,
				85964FC9A85A3838F50BD640 /* ArgumentParser in Frameworks */,
			);
			runOnlyForDeploymentPostprocessing = 0;
		};
/* End PBXFrameworksBuildPhase section */

/* Begin PBXGroup section */
		0069B126A3DDCFC978705477 /* ImagePetUITests */ = {
			isa = PBXGroup;
			children = (
				EE5368111CDDC59E6968A763 /* ImagePetUITests.swift */,
			);
			path = ImagePetUITests;
			sourceTree = "<group>";
		};
		086B80E87D840BEB44CFA27C /* ImagePet */ = {
			isa = PBXGroup;
			children = (
				F9DB3FDC08DCD868FFCA55A6 /* AppIcon.icon */,
				6F8F586A1135EAED6910EB32 /* Resources */,
				9DD5A4DE7991CFEF8ABD7776 /* App */,
				0A7B243E7154709CDB185F20 /* Models */,
				7DB36FA47B78B6234C07F479 /* Services */,
				C2088D75CBC5FC8132489975 /* Stores */,
				607392E5D7526E1B335BFD5D /* Support */,
				BB6FD615868A7EBBA6CB0FC0 /* Views */,
			);
			path = ImagePet;
			sourceTree = "<group>";
		};
		0A7B243E7154709CDB185F20 /* Models */ = {
			isa = PBXGroup;
			children = (
				A30830DF6500A0BD123B277B /* BuiltInPetTheme.swift */,
				28B7E1B8A4827313A572EA88 /* CompressionBatchSummary.swift */,
				F4EDFFC2FA9A79727877301E /* DesktopPetSizeTier.swift */,
				5F83FD50652D4986A61C960E /* ThumbnailSize.swift */,
			);
			path = Models;
			sourceTree = "<group>";
		};
		3355D505310B8559E88D3640 /* Models */ = {
			isa = PBXGroup;
			children = (
				42EA1F52BCC2EADB3678E8CC /* CompressionOptions.swift */,
				92A0E344263EE215722E53D3 /* CompressionPreset.swift */,
				AD1510894ED17C31329941EA /* CompressionResult.swift */,
				D6E9A10CEBCF1D610F452175 /* ImageJob.swift */,
			);
			path = Models;
			sourceTree = "<group>";
		};
		39565793E5514708B2479035 /* Products */ = {
			isa = PBXGroup;
			children = (
				2B48DF5E09E5C0639460FB28 /* ImagePet.app */,
				80CD202A0398235BDC6020B8 /* ImagePetCLI */,
				CC07DB095E2131274F3BBDAA /* ImagePetCore.framework */,
				ED2484081B356D0CD0BAE4CD /* ImagePetTests.xctest */,
				1051C6BE4E181089F9924A7E /* ImagePetUITests.xctest */,
			);
			name = Products;
			sourceTree = "<group>";
		};
		4114B9485CEE076B7E70627D /* ImagePetCore */ = {
			isa = PBXGroup;
			children = (
				3355D505310B8559E88D3640 /* Models */,
				D056504F96B1942AB8153482 /* Services */,
			);
			path = ImagePetCore;
			sourceTree = "<group>";
		};
		5E1CA93AAD1AF0F07386BC32 /* ImagePetCLI */ = {
			isa = PBXGroup;
			children = (
				18CF65F5E10809D82C7FDDF5 /* main.swift */,
			);
			path = ImagePetCLI;
			sourceTree = "<group>";
		};
		607392E5D7526E1B335BFD5D /* Support */ = {
			isa = PBXGroup;
			children = (
				3BFB80BB6D7CAAA89B8922DE /* FileSizeFormatting.swift */,
			);
			path = Support;
			sourceTree = "<group>";
		};
		7DB36FA47B78B6234C07F479 /* Services */ = {
			isa = PBXGroup;
			children = (
				41C9C2454F8AEDC0086B9A67 /* DesktopPetWindowController.swift */,
				F6B768CED9CE7C2047CF0495 /* FolderMonitor.swift */,
				426BA951424DECEFB023D3A9 /* FrameAnimator.swift */,
				4694488B654E7D1FED3A6E8E /* GlobalShortcutCoordinator.swift */,
				238810C4DF3FE71683DC9479 /* InputFilePanel.swift */,
				4193FE83DCD3C342B858EE45 /* LocalNotificationManager.swift */,
				58C51CB2ABE4CF5EB8A34389 /* OutputDirectoryBookmarkStore.swift */,
				B5D23F4F1A21E8F4FC4C0E5D /* OutputFolderPanel.swift */,
				AEDE7C87B4DA93B9D2470D4B /* ShortcutsIntent.swift */,
				2AECB6DEE9038FD3CECDFBD3 /* SoundManager.swift */,
				17074DAB0E7D992BBEDFEF28 /* ThemeCache.swift */,
				4DBDAD2E7B5450460DC73586 /* ThumbnailGenerator.swift */,
			);
			path = Services;
			sourceTree = "<group>";
		};
		9DD5A4DE7991CFEF8ABD7776 /* App */ = {
			isa = PBXGroup;
			children = (
				F0A4EACDDC9C17F5FDB0FAC9 /* ImagePetApp.swift */,
			);
			path = App;
			sourceTree = "<group>";
		};
		9FAFB5EC108443292ED48EDC /* ImagePetTests */ = {
			isa = PBXGroup;
			children = (
				A4CF84A3CFE6A59AF5DC25D2 /* BuiltInPetThemeAssetTests.swift */,
				D62D2DCA7CE90024BFB059F7 /* CompressionBatchSummary.swift */,
				029178F82948933AB5279570 /* FileSizeFormatting.swift */,
				05A775F6539AF723DFC8D3D1 /* LocalNotificationManager.swift */,
				61BE824B3D33F8BD491B121B /* LocalNotificationManagerTests.swift */,
				37C451AC6AE440D62C0D0FDE /* SoundManager.swift */,
				9A42BE317AC2E3CFE48ACFE7 /* SoundManagerTests.swift */,
				088D18251705E0CE2C8959AB /* TaskCancellationAndThumbnailTests.swift */,
			);
			path = ImagePetTests;
			sourceTree = "<group>";
		};
		A56D22B3895483C7D24A871A /* Tests */ = {
			isa = PBXGroup;
			children = (
				9FAFB5EC108443292ED48EDC /* ImagePetTests */,
				0069B126A3DDCFC978705477 /* ImagePetUITests */,
			);
			path = Tests;
			sourceTree = "<group>";
		};
		AFF2F82BF755A7D70C44220A = {
			isa = PBXGroup;
			children = (
				FCB74AB6183BC23550A6DB52 /* Sources */,
				A56D22B3895483C7D24A871A /* Tests */,
				39565793E5514708B2479035 /* Products */,
			);
			sourceTree = "<group>";
		};
		BB6FD615868A7EBBA6CB0FC0 /* Views */ = {
			isa = PBXGroup;
			children = (
				59D6D9C6C992578DE4DC36E4 /* AppSettingsView.swift */,
				60F9729CED642EBCF472BAC1 /* ContentView.swift */,
				1D9191053620D5B490484B6B /* DesktopPetPresenter.swift */,
				2845AD061C173BB07CE9F82B /* DesktopPetView.swift */,
				D63122AAD9F56829BED8AD2B /* FolderWatchingSection.swift */,
				83FD78B2591A703F59ECE6F7 /* HelpView.swift */,
				D5602D33964FF3E3B78C6D87 /* SoftNativeStyle.swift */,
			);
			path = Views;
			sourceTree = "<group>";
		};
		C2088D75CBC5FC8132489975 /* Stores */ = {
			isa = PBXGroup;
			children = (
				65286F00477023AC73A1D3B6 /* AppNavigation.swift */,
				5AEAA8EA4335FD47CFC64340 /* DesktopPetSnapshot.swift */,
				AD4485EE348B2FF15115C4B1 /* FolderWatchManager.swift */,
				4C53A9B8C3C3EE992F654DA2 /* ImagePetStore.swift */,
				7A93444765F4DF14ABA2386D /* PetAnimation.swift */,
			);
			path = Stores;
			sourceTree = "<group>";
		};
		D056504F96B1942AB8153482 /* Services */ = {
			isa = PBXGroup;
			children = (
				065B0EA400C85876918262F7 /* AppleWebPEncodingEngine.swift */,
				463A9B12B098CEDA557F6100 /* CompressionError.swift */,
				A284265C1FCFDD270A9FE5DF /* EncoderCapabilities.swift */,
				F23678BFAD16795886D53796 /* ImageCompressor.swift */,
				CFF8AF7B27658DBE4D17CEDC /* MozJPEGEncodingEngine.swift */,
				45EDC42C0537186A983DB825 /* OutputNameAllocator.swift */,
				B23D899C8F00DE09B979F8F9 /* SupportedImageFormat.swift */,
				358A8E829CFFE85676AC8B9E /* SwiftWebPEngine.swift */,
			);
			path = Services;
			sourceTree = "<group>";
		};
		FCB74AB6183BC23550A6DB52 /* Sources */ = {
			isa = PBXGroup;
			children = (
				086B80E87D840BEB44CFA27C /* ImagePet */,
				5E1CA93AAD1AF0F07386BC32 /* ImagePetCLI */,
				4114B9485CEE076B7E70627D /* ImagePetCore */,
			);
			path = Sources;
			sourceTree = "<group>";
		};
/* End PBXGroup section */

/* Begin PBXNativeTarget section */
		641A748387C30D9499A89C26 /* ImagePetUITests */ = {
			isa = PBXNativeTarget;
			buildConfigurationList = 51BF65602EE53CEBB4E085FF /* Build configuration list for PBXNativeTarget "ImagePetUITests" */;
			buildPhases = (
				744040ACA311E7D51669363A /* Sources */,
			);
			buildRules = (
			);
			dependencies = (
				F147F3C960D1E44B00A82202 /* PBXTargetDependency */,
			);
			name = ImagePetUITests;
			packageProductDependencies = (
			);
			productName = ImagePetUITests;
			productReference = 1051C6BE4E181089F9924A7E /* ImagePetUITests.xctest */;
			productType = "com.apple.product-type.bundle.ui-testing";
		};
		A019B6FD0C3FEEB5D17CC971 /* ImagePetCLI */ = {
			isa = PBXNativeTarget;
			buildConfigurationList = F63AA3E8F7332D2158F95699 /* Build configuration list for PBXNativeTarget "ImagePetCLI" */;
			buildPhases = (
				A1FF74FD10D34E69FE503A4B /* Sources */,
				E9DB23F51A3D673A56541342 /* Frameworks */,
			);
			buildRules = (
			);
			dependencies = (
				9AC2270D3E9C7DD67B9FC5A8 /* PBXTargetDependency */,
			);
			name = ImagePetCLI;
			packageProductDependencies = (
				F6B0246EDBD395211A9A2FCF /* ArgumentParser */,
			);
			productName = ImagePetCLI;
			productReference = 80CD202A0398235BDC6020B8 /* ImagePetCLI */;
			productType = "com.apple.product-type.tool";
		};
		B0695F4D36DAB05D3A1E9A69 /* ImagePet */ = {
			isa = PBXNativeTarget;
			buildConfigurationList = 6F85C88C7A893CC6A47BFC80 /* Build configuration list for PBXNativeTarget "ImagePet" */;
			buildPhases = (
				08462421B0B0BEE3471FCA74 /* Sources */,
				3DE347D12A83A46619AE8639 /* Resources */,
				2AD58D0CC39E93776CE0617E /* Frameworks */,
				C40BFC2F11DB6F6E959E3CA6 /* Embed Frameworks */,
			);
			buildRules = (
			);
			dependencies = (
				79E953FF3094E90F4D988528 /* PBXTargetDependency */,
			);
			name = ImagePet;
			packageProductDependencies = (
				769C51B2F554CCD738A26D89 /* KeyboardShortcuts */,
			);
			productName = ImagePet;
			productReference = 2B48DF5E09E5C0639460FB28 /* ImagePet.app */;
			productType = "com.apple.product-type.application";
		};
		C549986B87E6D639535F456A /* ImagePetCore */ = {
			isa = PBXNativeTarget;
			buildConfigurationList = 400D66706E4FDFEE9DF4F658 /* Build configuration list for PBXNativeTarget "ImagePetCore" */;
			buildPhases = (
				CBD27EA55B95DB68E0633673 /* Sources */,
				03BA756178C70E4432497831 /* Frameworks */,
			);
			buildRules = (
			);
			dependencies = (
			);
			name = ImagePetCore;
			packageProductDependencies = (
				FA759D004CB7295A0923E038 /* SwiftWebP */,
				6C570CEF6D94E6B62E4ACD10 /* mozjpeg */,
			);
			productName = ImagePetCore;
			productReference = CC07DB095E2131274F3BBDAA /* ImagePetCore.framework */;
			productType = "com.apple.product-type.framework";
		};
		CC40E5DDAFA5E6B0AC3C2D1D /* ImagePetTests */ = {
			isa = PBXNativeTarget;
			buildConfigurationList = 31121D45542D8CB8C00E6462 /* Build configuration list for PBXNativeTarget "ImagePetTests" */;
			buildPhases = (
				5CD830104E4F6FBCDB7BDEA6 /* Sources */,
				B40F2BCD3716E569D8778D58 /* Frameworks */,
				3FF18C4E5664CA34B13E2599 /* Embed Frameworks */,
			);
			buildRules = (
			);
			dependencies = (
				B6251F8EFEA775600A8E26CA /* PBXTargetDependency */,
				F1F701AA3C373754A3D5E265 /* PBXTargetDependency */,
			);
			name = ImagePetTests;
			packageProductDependencies = (
			);
			productName = ImagePetTests;
			productReference = ED2484081B356D0CD0BAE4CD /* ImagePetTests.xctest */;
			productType = "com.apple.product-type.bundle.unit-test";
		};
/* End PBXNativeTarget section */

/* Begin PBXProject section */
		2F45178F0BC925D3EDD35424 /* Project object */ = {
			isa = PBXProject;
			attributes = {
				BuildIndependentTargetsInParallel = YES;
				LastUpgradeCheck = 1430;
				TargetAttributes = {
					641A748387C30D9499A89C26 = {
						DevelopmentTeam = RLK76T8Y89;
						ProvisioningStyle = Automatic;
						TestTargetID = B0695F4D36DAB05D3A1E9A69;
					};
					A019B6FD0C3FEEB5D17CC971 = {
						DevelopmentTeam = RLK76T8Y89;
						ProvisioningStyle = Automatic;
					};
					B0695F4D36DAB05D3A1E9A69 = {
						DevelopmentTeam = RLK76T8Y89;
						ProvisioningStyle = Automatic;
					};
					CC40E5DDAFA5E6B0AC3C2D1D = {
						DevelopmentTeam = RLK76T8Y89;
						ProvisioningStyle = Automatic;
					};
				};
			};
			buildConfigurationList = DA31C6B6A7325616EAABDB44 /* Build configuration list for PBXProject "ImagePet" */;
			developmentRegion = en;
			hasScannedForEncodings = 0;
			knownRegions = (
				Base,
				en,
			);
			mainGroup = AFF2F82BF755A7D70C44220A;
			minimizedProjectReferenceProxies = 1;
			packageReferences = (
				862892458DC2FCCEC778AB32 /* XCRemoteSwiftPackageReference "KeyboardShortcuts" */,
				0A328207B5F0DFB90B2FDB46 /* XCRemoteSwiftPackageReference "Swift-WebP" */,
				03325F18B6523DA6A3C00E6B /* XCRemoteSwiftPackageReference "mozjpeg.swift" */,
				D3B7216B9C9C322068336C77 /* XCRemoteSwiftPackageReference "swift-argument-parser" */,
			);
			preferredProjectObjectVersion = 77;
			productRefGroup = 39565793E5514708B2479035 /* Products */;
			projectDirPath = "";
			projectRoot = "";
			targets = (
				B0695F4D36DAB05D3A1E9A69 /* ImagePet */,
				A019B6FD0C3FEEB5D17CC971 /* ImagePetCLI */,
				C549986B87E6D639535F456A /* ImagePetCore */,
				CC40E5DDAFA5E6B0AC3C2D1D /* ImagePetTests */,
				641A748387C30D9499A89C26 /* ImagePetUITests */,
			);
		};
/* End PBXProject section */

/* Begin PBXResourcesBuildPhase section */
		3DE347D12A83A46619AE8639 /* Resources */ = {
			isa = PBXResourcesBuildPhase;
			buildActionMask = 2147483647;
			files = (
				F4D39B0292E06F377A1CCEC3 /* AppIcon.icon in Resources */,
				468ABFAA6A7B08517772B948 /* Resources in Resources */,
			);
			runOnlyForDeploymentPostprocessing = 0;
		};
/* End PBXResourcesBuildPhase section */

/* Begin PBXSourcesBuildPhase section */
		08462421B0B0BEE3471FCA74 /* Sources */ = {
			isa = PBXSourcesBuildPhase;
			buildActionMask = 2147483647;
			files = (
				0833A37D66B17440D43822C3 /* AppNavigation.swift in Sources */,
				468BDB0185A3FB1706EBCCD3 /* AppSettingsView.swift in Sources */,
				20C1CC3A21BA81F6F38999B1 /* BuiltInPetTheme.swift in Sources */,
				6E1D8DF5CF4B366725F9F100 /* CompressionBatchSummary.swift in Sources */,
				77CC910A278D3499DD2CA0E2 /* ContentView.swift in Sources */,
				BED18C74D4E3FAC6C1736678 /* DesktopPetPresenter.swift in Sources */,
				9E3987C9586C4E31283B8972 /* DesktopPetSizeTier.swift in Sources */,
				F0A37C2C267FEF35E0DCAE5B /* DesktopPetSnapshot.swift in Sources */,
				EE328D8FBFBD56372D470CEC /* DesktopPetView.swift in Sources */,
				EDA254AC8E096DC665C92353 /* DesktopPetWindowController.swift in Sources */,
				8B0AE1F2462AE4500A1820DC /* FileSizeFormatting.swift in Sources */,
				2BDCAAEB14319197828116A8 /* FolderMonitor.swift in Sources */,
				897CF058BBC73FBD1848DAB6 /* FolderWatchManager.swift in Sources */,
				98E3A9EE00DCE60CAC8E9226 /* FolderWatchingSection.swift in Sources */,
				9D953C4053E329B3478CEB34 /* FrameAnimator.swift in Sources */,
				A398F56170D6E35B9EA6B3BB /* GlobalShortcutCoordinator.swift in Sources */,
				32A57C46BE11190CEBB47EE6 /* HelpView.swift in Sources */,
				0E464296C36D0355ABEA5DF7 /* ImagePetApp.swift in Sources */,
				C8E26175B487C190A0025EE1 /* ImagePetStore.swift in Sources */,
				B4F6FCE78F7F45C64B5B29F5 /* InputFilePanel.swift in Sources */,
				1D7D38437A6F81FBD3BD3300 /* LocalNotificationManager.swift in Sources */,
				D839C0794DE23A7E13724CE1 /* OutputDirectoryBookmarkStore.swift in Sources */,
				762AFE210909358E8AEAC379 /* OutputFolderPanel.swift in Sources */,
				CC16336E040E24B06F06D654 /* PetAnimation.swift in Sources */,
				9BD9669BB632736925B748F2 /* ShortcutsIntent.swift in Sources */,
				B9291BBC674E159A9CD2D1A1 /* SoftNativeStyle.swift in Sources */,
				48AD2E4E5F0363A4C12FE75B /* SoundManager.swift in Sources */,
				E7E5AB4442E1198A58898A5A /* ThemeCache.swift in Sources */,
				8CDC2C5108A1492273CCE9C3 /* ThumbnailGenerator.swift in Sources */,
				CD91D779AA53B0993ABD2E52 /* ThumbnailSize.swift in Sources */,
			);
			runOnlyForDeploymentPostprocessing = 0;
		};
		5CD830104E4F6FBCDB7BDEA6 /* Sources */ = {
			isa = PBXSourcesBuildPhase;
			buildActionMask = 2147483647;
			files = (
				D897C66374EBF025AB7AA522 /* BuiltInPetThemeAssetTests.swift in Sources */,
				D9E41B6F23F5D167FC009FD6 /* CompressionBatchSummary.swift in Sources */,
				D9E9FED5C374031DCC00E343 /* FileSizeFormatting.swift in Sources */,
				E6BD71247B9D2017B1A52CB9 /* LocalNotificationManager.swift in Sources */,
				639B8A8E4B062FBA59EC5B0B /* LocalNotificationManagerTests.swift in Sources */,
				63F9DEED2087EFB6448C2257 /* SoundManager.swift in Sources */,
				C317480A514502ED823DA1DB /* SoundManagerTests.swift in Sources */,
				9042C491DAF21E625E08A75A /* TaskCancellationAndThumbnailTests.swift in Sources */,
			);
			runOnlyForDeploymentPostprocessing = 0;
		};
		744040ACA311E7D51669363A /* Sources */ = {
			isa = PBXSourcesBuildPhase;
			buildActionMask = 2147483647;
			files = (
				52773B56345C42FA506C3AD6 /* ImagePetUITests.swift in Sources */,
			);
			runOnlyForDeploymentPostprocessing = 0;
		};
		A1FF74FD10D34E69FE503A4B /* Sources */ = {
			isa = PBXSourcesBuildPhase;
			buildActionMask = 2147483647;
			files = (
				A7B37423809D305446A9183B /* main.swift in Sources */,
			);
			runOnlyForDeploymentPostprocessing = 0;
		};
		CBD27EA55B95DB68E0633673 /* Sources */ = {
			isa = PBXSourcesBuildPhase;
			buildActionMask = 2147483647;
			files = (
				27FBA62E43AB93400B11D87E /* AppleWebPEncodingEngine.swift in Sources */,
				945441063EAA477DEC0D9363 /* CompressionError.swift in Sources */,
				98263452B4D6B87F8124F1C9 /* CompressionOptions.swift in Sources */,
				55A6897AAB3BBDE1BC4F7094 /* CompressionPreset.swift in Sources */,
				B8EC5E1F78868A070F898F73 /* CompressionResult.swift in Sources */,
				03C392A927037DB8E056A0FD /* EncoderCapabilities.swift in Sources */,
				60E30EA5590352744B7ED864 /* ImageCompressor.swift in Sources */,
				6B5F0F8C4B4B8BB4E3FF08A6 /* ImageJob.swift in Sources */,
				39D8473A58EBDD037557FD17 /* MozJPEGEncodingEngine.swift in Sources */,
				84DF67E7F26FB52ADF4008D2 /* OutputNameAllocator.swift in Sources */,
				20A5D16C2BAB1FB997F4ED62 /* SupportedImageFormat.swift in Sources */,
				6B324BBFA0E653F3DA6EA87D /* SwiftWebPEngine.swift in Sources */,
			);
			runOnlyForDeploymentPostprocessing = 0;
		};
/* End PBXSourcesBuildPhase section */

/* Begin PBXTargetDependency section */
		79E953FF3094E90F4D988528 /* PBXTargetDependency */ = {
			isa = PBXTargetDependency;
			target = C549986B87E6D639535F456A /* ImagePetCore */;
			targetProxy = 6407B344D39E1E88C2E464C7 /* PBXContainerItemProxy */;
		};
		9AC2270D3E9C7DD67B9FC5A8 /* PBXTargetDependency */ = {
			isa = PBXTargetDependency;
			target = C549986B87E6D639535F456A /* ImagePetCore */;
			targetProxy = 6F4659B9874AE30D01A960BB /* PBXContainerItemProxy */;
		};
		B6251F8EFEA775600A8E26CA /* PBXTargetDependency */ = {
			isa = PBXTargetDependency;
			target = C549986B87E6D639535F456A /* ImagePetCore */;
			targetProxy = 039876C6861A906C5E814A6A /* PBXContainerItemProxy */;
		};
		F147F3C960D1E44B00A82202 /* PBXTargetDependency */ = {
			isa = PBXTargetDependency;
			target = B0695F4D36DAB05D3A1E9A69 /* ImagePet */;
			targetProxy = D5751BD8A42DB7D3629F555A /* PBXContainerItemProxy */;
		};
		F1F701AA3C373754A3D5E265 /* PBXTargetDependency */ = {
			isa = PBXTargetDependency;
			target = B0695F4D36DAB05D3A1E9A69 /* ImagePet */;
			targetProxy = F2FFEF5BBE17204B6AFEA5A7 /* PBXContainerItemProxy */;
		};
/* End PBXTargetDependency section */

/* Begin XCBuildConfiguration section */
		22E989591441C2E6E912729F /* Release */ = {
			isa = XCBuildConfiguration;
			buildSettings = {
				ALWAYS_SEARCH_USER_PATHS = NO;
				CLANG_ANALYZER_LOCALIZABILITY_NONLOCALIZED = YES;
				CLANG_ANALYZER_NONNULL = YES;
				CLANG_ANALYZER_NUMBER_OBJECT_CONVERSION = YES_AGGRESSIVE;
				CLANG_CXX_LANGUAGE_STANDARD = "gnu++14";
				CLANG_CXX_LIBRARY = "libc++";
				CLANG_ENABLE_MODULES = YES;
				CLANG_ENABLE_OBJC_ARC = YES;
				CLANG_ENABLE_OBJC_WEAK = YES;
				CLANG_WARN_BLOCK_CAPTURE_AUTORELEASING = YES;
				CLANG_WARN_BOOL_CONVERSION = YES;
				CLANG_WARN_COMMA = YES;
				CLANG_WARN_CONSTANT_CONVERSION = YES;
				CLANG_WARN_DEPRECATED_OBJC_IMPLEMENTATIONS = YES;
				CLANG_WARN_DIRECT_OBJC_ISA_USAGE = YES_ERROR;
				CLANG_WARN_DOCUMENTATION_COMMENTS = YES;
				CLANG_WARN_EMPTY_BODY = YES;
				CLANG_WARN_ENUM_CONVERSION = YES;
				CLANG_WARN_INFINITE_RECURSION = YES;
				CLANG_WARN_INT_CONVERSION = YES;
				CLANG_WARN_NON_LITERAL_NULL_CONVERSION = YES;
				CLANG_WARN_OBJC_IMPLICIT_RETAIN_SELF = YES;
				CLANG_WARN_OBJC_LITERAL_CONVERSION = YES;
				CLANG_WARN_OBJC_ROOT_CLASS = YES_ERROR;
				CLANG_WARN_QUOTED_INCLUDE_IN_FRAMEWORK_HEADER = YES;
				CLANG_WARN_RANGE_LOOP_ANALYSIS = YES;
				CLANG_WARN_STRICT_PROTOTYPES = YES;
				CLANG_WARN_SUSPICIOUS_MOVE = YES;
				CLANG_WARN_UNGUARDED_AVAILABILITY = YES_AGGRESSIVE;
				CLANG_WARN_UNREACHABLE_CODE = YES;
				CLANG_WARN__DUPLICATE_METHOD_MATCH = YES;
				COPY_PHASE_STRIP = NO;
				DEBUG_INFORMATION_FORMAT = "dwarf-with-dsym";
				ENABLE_NS_ASSERTIONS = NO;
				ENABLE_STRICT_OBJC_MSGSEND = YES;
				GCC_C_LANGUAGE_STANDARD = gnu11;
				GCC_NO_COMMON_BLOCKS = YES;
				GCC_WARN_64_TO_32_BIT_CONVERSION = YES;
				GCC_WARN_ABOUT_RETURN_TYPE = YES_ERROR;
				GCC_WARN_UNDECLARED_SELECTOR = YES;
				GCC_WARN_UNINITIALIZED_AUTOS = YES_AGGRESSIVE;
				GCC_WARN_UNUSED_FUNCTION = YES;
				GCC_WARN_UNUSED_VARIABLE = YES;
				MACOSX_DEPLOYMENT_TARGET = 13.0;
				MTL_ENABLE_DEBUG_INFO = NO;
				MTL_FAST_MATH = YES;
				PRODUCT_NAME = "$(TARGET_NAME)";
				SDKROOT = macosx;
				SWIFT_COMPILATION_MODE = wholemodule;
				SWIFT_OPTIMIZATION_LEVEL = "-O";
				SWIFT_VERSION = 5.9;
			};
			name = Release;
		};
		2E2F47704B52CB37E8C04B59 /* Debug */ = {
			isa = XCBuildConfiguration;
			buildSettings = {
				ALWAYS_SEARCH_USER_PATHS = NO;
				CLANG_ANALYZER_LOCALIZABILITY_NONLOCALIZED = YES;
				CLANG_ANALYZER_NONNULL = YES;
				CLANG_ANALYZER_NUMBER_OBJECT_CONVERSION = YES_AGGRESSIVE;
				CLANG_CXX_LANGUAGE_STANDARD = "gnu++14";
				CLANG_CXX_LIBRARY = "libc++";
				CLANG_ENABLE_MODULES = YES;
				CLANG_ENABLE_OBJC_ARC = YES;
				CLANG_ENABLE_OBJC_WEAK = YES;
				CLANG_WARN_BLOCK_CAPTURE_AUTORELEASING = YES;
				CLANG_WARN_BOOL_CONVERSION = YES;
				CLANG_WARN_COMMA = YES;
				CLANG_WARN_CONSTANT_CONVERSION = YES;
				CLANG_WARN_DEPRECATED_OBJC_IMPLEMENTATIONS = YES;
				CLANG_WARN_DIRECT_OBJC_ISA_USAGE = YES_ERROR;
				CLANG_WARN_DOCUMENTATION_COMMENTS = YES;
				CLANG_WARN_EMPTY_BODY = YES;
				CLANG_WARN_ENUM_CONVERSION = YES;
				CLANG_WARN_INFINITE_RECURSION = YES;
				CLANG_WARN_INT_CONVERSION = YES;
				CLANG_WARN_NON_LITERAL_NULL_CONVERSION = YES;
				CLANG_WARN_OBJC_IMPLICIT_RETAIN_SELF = YES;
				CLANG_WARN_OBJC_LITERAL_CONVERSION = YES;
				CLANG_WARN_OBJC_ROOT_CLASS = YES_ERROR;
				CLANG_WARN_QUOTED_INCLUDE_IN_FRAMEWORK_HEADER = YES;
				CLANG_WARN_RANGE_LOOP_ANALYSIS = YES;
				CLANG_WARN_STRICT_PROTOTYPES = YES;
				CLANG_WARN_SUSPICIOUS_MOVE = YES;
				CLANG_WARN_UNGUARDED_AVAILABILITY = YES_AGGRESSIVE;
				CLANG_WARN_UNREACHABLE_CODE = YES;
				CLANG_WARN__DUPLICATE_METHOD_MATCH = YES;
				COPY_PHASE_STRIP = NO;
				DEBUG_INFORMATION_FORMAT = dwarf;
				ENABLE_STRICT_OBJC_MSGSEND = YES;
				ENABLE_TESTABILITY = YES;
				GCC_C_LANGUAGE_STANDARD = gnu11;
				GCC_DYNAMIC_NO_PIC = NO;
				GCC_NO_COMMON_BLOCKS = YES;
				GCC_OPTIMIZATION_LEVEL = 0;
				GCC_PREPROCESSOR_DEFINITIONS = (
					"$(inherited)",
					"DEBUG=1",
				);
				GCC_WARN_64_TO_32_BIT_CONVERSION = YES;
				GCC_WARN_ABOUT_RETURN_TYPE = YES_ERROR;
				GCC_WARN_UNDECLARED_SELECTOR = YES;
				GCC_WARN_UNINITIALIZED_AUTOS = YES_AGGRESSIVE;
				GCC_WARN_UNUSED_FUNCTION = YES;
				GCC_WARN_UNUSED_VARIABLE = YES;
				MACOSX_DEPLOYMENT_TARGET = 13.0;
				MTL_ENABLE_DEBUG_INFO = INCLUDE_SOURCE;
				MTL_FAST_MATH = YES;
				ONLY_ACTIVE_ARCH = YES;
				PRODUCT_NAME = "$(TARGET_NAME)";
				SDKROOT = macosx;
				SWIFT_ACTIVE_COMPILATION_CONDITIONS = DEBUG;
				SWIFT_OPTIMIZATION_LEVEL = "-Onone";
				SWIFT_VERSION = 5.9;
			};
			name = Debug;
		};
		3D7C081AD460ED384434249E /* Debug */ = {
			isa = XCBuildConfiguration;
			buildSettings = {
				BUNDLE_LOADER = "$(TEST_HOST)";
				CODE_SIGN_STYLE = Automatic;
				COMBINE_HIDPI_IMAGES = YES;
				DEVELOPMENT_TEAM = RLK76T8Y89;
				GENERATE_INFOPLIST_FILE = YES;
				LD_RUNPATH_SEARCH_PATHS = (
					"$(inherited)",
					"@executable_path/../Frameworks",
					"@loader_path/../Frameworks",
				);
				PRODUCT_BUNDLE_IDENTIFIER = org.gewill.ImagePetTests;
				SDKROOT = macosx;
				TEST_HOST = "$(BUILT_PRODUCTS_DIR)/ImagePet.app/Contents/MacOS/ImagePet";
			};
			name = Debug;
		};
		479AE49C24755A1B01872EB5 /* Debug */ = {
			isa = XCBuildConfiguration;
			buildSettings = {
				CODE_SIGN_IDENTITY = "Apple Development";
				CODE_SIGN_STYLE = Automatic;
				COMBINE_HIDPI_IMAGES = YES;
				DEVELOPMENT_TEAM = RLK76T8Y89;
				GENERATE_INFOPLIST_FILE = YES;
				LD_RUNPATH_SEARCH_PATHS = (
					"$(inherited)",
					"@executable_path",
					"@executable_path/../Frameworks",
				);
				PRODUCT_BUNDLE_IDENTIFIER = org.gewill.ImagePetCLI;
				PROVISIONING_PROFILE_SPECIFIER = "";
				SDKROOT = macosx;
			};
			name = Debug;
		};
		4BBDB6E84893C1104FF07094 /* Release */ = {
			isa = XCBuildConfiguration;
			buildSettings = {
				CODE_SIGN_IDENTITY = "";
				COMBINE_HIDPI_IMAGES = YES;
				CURRENT_PROJECT_VERSION = 2;
				DEFINES_MODULE = YES;
				DYLIB_COMPATIBILITY_VERSION = 1;
				DYLIB_CURRENT_VERSION = 1;
				DYLIB_INSTALL_NAME_BASE = "@rpath";
				GENERATE_INFOPLIST_FILE = YES;
				INSTALL_PATH = "$(LOCAL_LIBRARY_DIR)/Frameworks";
				LD_RUNPATH_SEARCH_PATHS = (
					"$(inherited)",
					"@executable_path/../Frameworks",
				);
				PRODUCT_BUNDLE_IDENTIFIER = org.gewill.ImagePetCore;
				SDKROOT = macosx;
				SKIP_INSTALL = YES;
				VERSIONING_SYSTEM = "apple-generic";
			};
			name = Release;
		};
		4DD6A7A4567906FF1DDEDBF6 /* Release */ = {
			isa = XCBuildConfiguration;
			buildSettings = {
				BUNDLE_LOADER = "$(TEST_HOST)";
				CODE_SIGN_STYLE = Automatic;
				COMBINE_HIDPI_IMAGES = YES;
				DEVELOPMENT_TEAM = RLK76T8Y89;
				GENERATE_INFOPLIST_FILE = YES;
				LD_RUNPATH_SEARCH_PATHS = (
					"$(inherited)",
					"@executable_path/Frameworks",
					"@loader_path/Frameworks",
				);
				PRODUCT_BUNDLE_IDENTIFIER = org.gewill.ImagePetUITests;
				SDKROOT = macosx;
				TEST_TARGET_NAME = ImagePet;
			};
			name = Release;
		};
		54375A2C67C43435D9760DE6 /* Release */ = {
			isa = XCBuildConfiguration;
			buildSettings = {
				BUNDLE_LOADER = "$(TEST_HOST)";
				CODE_SIGN_STYLE = Automatic;
				COMBINE_HIDPI_IMAGES = YES;
				DEVELOPMENT_TEAM = RLK76T8Y89;
				GENERATE_INFOPLIST_FILE = YES;
				LD_RUNPATH_SEARCH_PATHS = (
					"$(inherited)",
					"@executable_path/../Frameworks",
					"@loader_path/../Frameworks",
				);
				PRODUCT_BUNDLE_IDENTIFIER = org.gewill.ImagePetTests;
				SDKROOT = macosx;
				TEST_HOST = "$(BUILT_PRODUCTS_DIR)/ImagePet.app/Contents/MacOS/ImagePet";
			};
			name = Release;
		};
		6F3E5A1E53B9CBAADE4D5B24 /* Release */ = {
			isa = XCBuildConfiguration;
			buildSettings = {
				CODE_SIGN_IDENTITY = "Apple Development";
				CODE_SIGN_STYLE = Automatic;
				COMBINE_HIDPI_IMAGES = YES;
				DEVELOPMENT_TEAM = RLK76T8Y89;
				GENERATE_INFOPLIST_FILE = YES;
				LD_RUNPATH_SEARCH_PATHS = (
					"$(inherited)",
					"@executable_path",
					"@executable_path/../Frameworks",
				);
				PRODUCT_BUNDLE_IDENTIFIER = org.gewill.ImagePetCLI;
				PROVISIONING_PROFILE_SPECIFIER = "";
				SDKROOT = macosx;
			};
			name = Release;
		};
		B622A874D0E6F7A24ECE0B54 /* Release */ = {
			isa = XCBuildConfiguration;
			buildSettings = {
				ASSETCATALOG_COMPILER_APPICON_NAME = AppIcon;
				CODE_SIGN_ENTITLEMENTS = Entitlements/ImagePet.entitlements;
				CODE_SIGN_STYLE = Automatic;
				COMBINE_HIDPI_IMAGES = YES;
				CURRENT_PROJECT_VERSION = 2;
				DEVELOPMENT_TEAM = RLK76T8Y89;
				ENABLE_APP_SANDBOX = YES;
				ENABLE_HARDENED_RUNTIME = YES;
				INFOPLIST_FILE = Generated/Info.plist;
				LD_RUNPATH_SEARCH_PATHS = (
					"$(inherited)",
					"@executable_path/../Frameworks",
				);
				MARKETING_VERSION = 1.1;
				PRODUCT_BUNDLE_IDENTIFIER = org.gewill.ImagePet;
				SDKROOT = macosx;
			};
			name = Release;
		};
		D70394536563404E72E9E353 /* Debug */ = {
			isa = XCBuildConfiguration;
			buildSettings = {
				CODE_SIGN_IDENTITY = "";
				COMBINE_HIDPI_IMAGES = YES;
				CURRENT_PROJECT_VERSION = 2;
				DEFINES_MODULE = YES;
				DYLIB_COMPATIBILITY_VERSION = 1;
				DYLIB_CURRENT_VERSION = 1;
				DYLIB_INSTALL_NAME_BASE = "@rpath";
				GENERATE_INFOPLIST_FILE = YES;
				INSTALL_PATH = "$(LOCAL_LIBRARY_DIR)/Frameworks";
				LD_RUNPATH_SEARCH_PATHS = (
					"$(inherited)",
					"@executable_path/../Frameworks",
				);
				PRODUCT_BUNDLE_IDENTIFIER = org.gewill.ImagePetCore;
				SDKROOT = macosx;
				SKIP_INSTALL = YES;
				VERSIONING_SYSTEM = "apple-generic";
			};
			name = Debug;
		};
		E44F3183F77A155EF6F96042 /* Debug */ = {
			isa = XCBuildConfiguration;
			buildSettings = {
				ASSETCATALOG_COMPILER_APPICON_NAME = AppIcon;
				CODE_SIGN_ENTITLEMENTS = Entitlements/ImagePet.entitlements;
				CODE_SIGN_STYLE = Automatic;
				COMBINE_HIDPI_IMAGES = YES;
				CURRENT_PROJECT_VERSION = 2;
				DEVELOPMENT_TEAM = RLK76T8Y89;
				ENABLE_APP_SANDBOX = YES;
				ENABLE_HARDENED_RUNTIME = YES;
				INFOPLIST_FILE = Generated/Info.plist;
				LD_RUNPATH_SEARCH_PATHS = (
					"$(inherited)",
					"@executable_path/../Frameworks",
				);
				MARKETING_VERSION = 1.1;
				PRODUCT_BUNDLE_IDENTIFIER = org.gewill.ImagePet;
				SDKROOT = macosx;
			};
			name = Debug;
		};
		E7B4262A5B1F4F1C8BE98E78 /* Debug */ = {
			isa = XCBuildConfiguration;
			buildSettings = {
				BUNDLE_LOADER = "$(TEST_HOST)";
				CODE_SIGN_STYLE = Automatic;
				COMBINE_HIDPI_IMAGES = YES;
				DEVELOPMENT_TEAM = RLK76T8Y89;
				GENERATE_INFOPLIST_FILE = YES;
				LD_RUNPATH_SEARCH_PATHS = (
					"$(inherited)",
					"@executable_path/Frameworks",
					"@loader_path/Frameworks",
				);
				PRODUCT_BUNDLE_IDENTIFIER = org.gewill.ImagePetUITests;
				SDKROOT = macosx;
				TEST_TARGET_NAME = ImagePet;
			};
			name = Debug;
		};
/* End XCBuildConfiguration section */

/* Begin XCConfigurationList section */
		31121D45542D8CB8C00E6462 /* Build configuration list for PBXNativeTarget "ImagePetTests" */ = {
			isa = XCConfigurationList;
			buildConfigurations = (
				3D7C081AD460ED384434249E /* Debug */,
				54375A2C67C43435D9760DE6 /* Release */,
			);
			defaultConfigurationIsVisible = 0;
			defaultConfigurationName = Debug;
		};
		400D66706E4FDFEE9DF4F658 /* Build configuration list for PBXNativeTarget "ImagePetCore" */ = {
			isa = XCConfigurationList;
			buildConfigurations = (
				D70394536563404E72E9E353 /* Debug */,
				4BBDB6E84893C1104FF07094 /* Release */,
			);
			defaultConfigurationIsVisible = 0;
			defaultConfigurationName = Debug;
		};
		51BF65602EE53CEBB4E085FF /* Build configuration list for PBXNativeTarget "ImagePetUITests" */ = {
			isa = XCConfigurationList;
			buildConfigurations = (
				E7B4262A5B1F4F1C8BE98E78 /* Debug */,
				4DD6A7A4567906FF1DDEDBF6 /* Release */,
			);
			defaultConfigurationIsVisible = 0;
			defaultConfigurationName = Debug;
		};
		6F85C88C7A893CC6A47BFC80 /* Build configuration list for PBXNativeTarget "ImagePet" */ = {
			isa = XCConfigurationList;
			buildConfigurations = (
				E44F3183F77A155EF6F96042 /* Debug */,
				B622A874D0E6F7A24ECE0B54 /* Release */,
			);
			defaultConfigurationIsVisible = 0;
			defaultConfigurationName = Debug;
		};
		DA31C6B6A7325616EAABDB44 /* Build configuration list for PBXProject "ImagePet" */ = {
			isa = XCConfigurationList;
			buildConfigurations = (
				2E2F47704B52CB37E8C04B59 /* Debug */,
				22E989591441C2E6E912729F /* Release */,
			);
			defaultConfigurationIsVisible = 0;
			defaultConfigurationName = Debug;
		};
		F63AA3E8F7332D2158F95699 /* Build configuration list for PBXNativeTarget "ImagePetCLI" */ = {
			isa = XCConfigurationList;
			buildConfigurations = (
				479AE49C24755A1B01872EB5 /* Debug */,
				6F3E5A1E53B9CBAADE4D5B24 /* Release */,
			);
			defaultConfigurationIsVisible = 0;
			defaultConfigurationName = Debug;
		};
/* End XCConfigurationList section */

/* Begin XCRemoteSwiftPackageReference section */
		03325F18B6523DA6A3C00E6B /* XCRemoteSwiftPackageReference "mozjpeg.swift" */ = {
			isa = XCRemoteSwiftPackageReference;
			repositoryURL = "https://github.com/awxkee/mozjpeg.swift.git";
			requirement = {
				kind = exactVersion;
				version = 1.1.3;
			};
		};
		0A328207B5F0DFB90B2FDB46 /* XCRemoteSwiftPackageReference "Swift-WebP" */ = {
			isa = XCRemoteSwiftPackageReference;
			repositoryURL = "https://github.com/gewill/Swift-WebP.git";
			requirement = {
				kind = exactVersion;
				version = 0.7.0;
			};
		};
		862892458DC2FCCEC778AB32 /* XCRemoteSwiftPackageReference "KeyboardShortcuts" */ = {
			isa = XCRemoteSwiftPackageReference;
			repositoryURL = "https://github.com/sindresorhus/KeyboardShortcuts.git";
			requirement = {
				kind = exactVersion;
				version = 2.4.0;
			};
		};
		D3B7216B9C9C322068336C77 /* XCRemoteSwiftPackageReference "swift-argument-parser" */ = {
			isa = XCRemoteSwiftPackageReference;
			repositoryURL = "https://github.com/apple/swift-argument-parser.git";
			requirement = {
				kind = exactVersion;
				version = 1.3.1;
			};
		};
/* End XCRemoteSwiftPackageReference section */

/* Begin XCSwiftPackageProductDependency section */
		6C570CEF6D94E6B62E4ACD10 /* mozjpeg */ = {
			isa = XCSwiftPackageProductDependency;
			package = 03325F18B6523DA6A3C00E6B /* XCRemoteSwiftPackageReference "mozjpeg.swift" */;
			productName = mozjpeg;
		};
		769C51B2F554CCD738A26D89 /* KeyboardShortcuts */ = {
			isa = XCSwiftPackageProductDependency;
			package = 862892458DC2FCCEC778AB32 /* XCRemoteSwiftPackageReference "KeyboardShortcuts" */;
			productName = KeyboardShortcuts;
		};
		F6B0246EDBD395211A9A2FCF /* ArgumentParser */ = {
			isa = XCSwiftPackageProductDependency;
			package = D3B7216B9C9C322068336C77 /* XCRemoteSwiftPackageReference "swift-argument-parser" */;
			productName = ArgumentParser;
		};
		FA759D004CB7295A0923E038 /* SwiftWebP */ = {
			isa = XCSwiftPackageProductDependency;
			package = 0A328207B5F0DFB90B2FDB46 /* XCRemoteSwiftPackageReference "Swift-WebP" */;
			productName = SwiftWebP;
		};
/* End XCSwiftPackageProductDependency section */
	};
	rootObject = 2F45178F0BC925D3EDD35424 /* Project object */;
}
