{
  "originHash" : "cc93b8b4afaa301ac5e4112519c069f82e6653021dc5744d5d9d8f2131f615fe",
  "pins" : [
    {
      "identity" : "keyboardshortcuts",
      "kind" : "remoteSourceControl",
      "location" : "https://github.com/sindresorhus/KeyboardShortcuts.git",
      "state" : {
        "revision" : "1aef85578fdd4f9eaeeb8d53b7b4fc31bf08fe27",
        "version" : "2.4.0"
      }
    },
    {
      "identity" : "mozjpeg.swift",
      "kind" : "remoteSourceControl",
      "location" : "https://github.com/awxkee/mozjpeg.swift.git",
      "state" : {
        "revision" : "42aaf0105aa7cd5640397306577bda756863003a",
        "version" : "1.1.3"
      }
    },
    {
      "identity" : "swift-argument-parser",
      "kind" : "remoteSourceControl",
      "location" : "https://github.com/apple/swift-argument-parser.git",
      "state" : {
        "revision" : "46989693916f56d1186bd59ac15124caef896560",
        "version" : "1.3.1"
      }
    },
    {
      "identity" : "swift-webp",
      "kind" : "remoteSourceControl",
      "location" : "https://github.com/gewill/Swift-WebP.git",
      "state" : {
        "revision" : "4f127d4fdbc102676895b4d3b06c78fa1d4c118c",
        "version" : "0.7.1"
      }
    },
    {
      "identity" : "webp-spm",
      "kind" : "remoteSourceControl",
      "location" : "https://github.com/gewill/webp-spm.git",
      "state" : {
        "revision" : "942873b31aba6e7793ede689cc6b933c80ccabf6",
        "version" : "1.6.1"
      }
    }
  ],
  "version" : 3
}
