{
  "originHash" : "3326630d5cbc3c65a1da7385f2df45646f55b4b221da8e737e36470af03e6262",
  "pins" : [
    {
      "identity" : "keyboardshortcuts",
      "kind" : "remoteSourceControl",
      "location" : "https://github.com/sindresorhus/KeyboardShortcuts.git",
      "state" : {
        "revision" : "c3c361f409b8dbe1eab186078b41c330a6a82c9a",
        "version" : "2.2.2"
      }
    },
    {
      "identity" : "libwebp-xcode",
      "kind" : "remoteSourceControl",
      "location" : "https://github.com/SDWebImage/libwebp-Xcode.git",
      "state" : {
        "revision" : "0d60654eeefd5d7d2bef3835804892c40225e8b2",
        "version" : "1.5.0"
      }
    },
    {
      "identity" : "mozjpeg.swift",
      "kind" : "remoteSourceControl",
      "location" : "https://github.com/awxkee/mozjpeg.swift.git",
      "state" : {
        "revision" : "42aaf0105aa7cd5640397306577bda756863003a",
        "version" : "1.1.3"
      }
    },
    {
      "identity" : "swift-argument-parser",
      "kind" : "remoteSourceControl",
      "location" : "https://github.com/apple/swift-argument-parser.git",
      "state" : {
        "revision" : "46989693916f56d1186bd59ac15124caef896560",
        "version" : "1.3.1"
      }
    },
    {
      "identity" : "swift-webp",
      "kind" : "remoteSourceControl",
      "location" : "https://github.com/ainame/Swift-WebP.git",
      "state" : {
        "revision" : "4e7310667297f066e4884b6258a3a646cac8a50b",
        "version" : "0.6.1"
      }
    }
  ],
  "version" : 3
}
